{
  "name": "sayur5-vite",
  "version": "0.0.1",
  "private": true,
  "type": "module",
  "scripts": {
    "dev": "vite",
    "preview": "vite preview --port 4173 --strictPort",
    "build": "vite build",
    "build:gh": "DEPLOY_TARGET=gh vite build && node scripts/after-build.mjs gh",
    "build:cf": "DEPLOY_TARGET=cf vite build && node scripts/after-build.mjs cf",
    "clean": "rimraf dist"
  },
  "dependencies": {
  },
  "devDependencies": {
    "@vitejs/plugin-react": "^4.3.0",
    "fs-extra": "^11.2.0",
    "rimraf": "^6.0.1",
    "vite": "^5.4.0"
  }
}
